// !$*UTF8*$!
{
	archiveVersion = 1;
	classes = {
	};
	objectVersion = 56;
	objects = {

/* Begin PBXBuildFile section */
		7690AFE004E77AC980AB9C18 /* Pods_FakeStore.framework in Frameworks */ = {isa = PBXBuildFile; fileRef = 2C956AD41CFDFC683680A7C3 /* Pods_FakeStore.framework */; };
		9258385E2BE5B934005108B7 /* Section.swift in Sources */ = {isa = PBXBuildFile; fileRef = 9258385D2BE5B934005108B7 /* Section.swift */; };
		92AC28BC2BE3CDA100CC2712 /* AppDelegate.swift in Sources */ = {isa = PBXBuildFile; fileRef = 92AC28BB2BE3CDA100CC2712 /* AppDelegate.swift */; };
		92AC28BE2BE3CDA100CC2712 /* SceneDelegate.swift in Sources */ = {isa = PBXBuildFile; fileRef = 92AC28BD2BE3CDA100CC2712 /* SceneDelegate.swift */; };
		92AC28C02BE3CDA100CC2712 /* FeedViewController.swift in Sources */ = {isa = PBXBuildFile; fileRef = 92AC28BF2BE3CDA100CC2712 /* FeedViewController.swift */; };
		92AC28C52BE3CDA200CC2712 /* Assets.xcassets in Resources */ = {isa = PBXBuildFile; fileRef = 92AC28C42BE3CDA200CC2712 /* Assets.xcassets */; };
		92AC28C82BE3CDA200CC2712 /* LaunchScreen.storyboard in Resources */ = {isa = PBXBuildFile; fileRef = 92AC28C62BE3CDA200CC2712 /* LaunchScreen.storyboard */; };
		92AC28D22BE3CFA200CC2712 /* FeedViewModel.swift in Sources */ = {isa = PBXBuildFile; fileRef = 92AC28D12BE3CFA200CC2712 /* FeedViewModel.swift */; };
		92AC28D42BE3CFE000CC2712 /* Bindable.swift in Sources */ = {isa = PBXBuildFile; fileRef = 92AC28D32BE3CFE000CC2712 /* Bindable.swift */; };
		92AC28D62BE3D4B500CC2712 /* Service.swift in Sources */ = {isa = PBXBuildFile; fileRef = 92AC28D52BE3D4B500CC2712 /* Service.swift */; };
		92AC28D82BE3D63700CC2712 /* ProductResponse.swift in Sources */ = {isa = PBXBuildFile; fileRef = 92AC28D72BE3D63700CC2712 /* ProductResponse.swift */; };
		92AC28DA2BE3D65300CC2712 /* ProductFeed.swift in Sources */ = {isa = PBXBuildFile; fileRef = 92AC28D92BE3D65300CC2712 /* ProductFeed.swift */; };
		92AC28E32BE3E22000CC2712 /* FeedView.swift in Sources */ = {isa = PBXBuildFile; fileRef = 92AC28E22BE3E22000CC2712 /* FeedView.swift */; };
		92F201D62BE3E6840016AA63 /* FeedCell.swift in Sources */ = {isa = PBXBuildFile; fileRef = 92F201D52BE3E6840016AA63 /* FeedCell.swift */; };
/* End PBXBuildFile section */

/* Begin PBXFileReference section */
		009158EC9A6FD4C98194AD3D /* Pods-FakeStore.release.xcconfig */ = {isa = PBXFileReference; includeInIndex = 1; lastKnownFileType = text.xcconfig; name = "Pods-FakeStore.release.xcconfig"; path = "Target Support Files/Pods-FakeStore/Pods-FakeStore.release.xcconfig"; sourceTree = "<group>"; };
		2C956AD41CFDFC683680A7C3 /* Pods_FakeStore.framework */ = {isa = PBXFileReference; explicitFileType = wrapper.framework; includeInIndex = 0; path = Pods_FakeStore.framework; sourceTree = BUILT_PRODUCTS_DIR; };
		9258385D2BE5B934005108B7 /* Section.swift */ = {isa = PBXFileReference; lastKnownFileType = sourcecode.swift; path = Section.swift; sourceTree = "<group>"; };
		92AC28B82BE3CDA100CC2712 /* FakeStore.app */ = {isa = PBXFileReference; explicitFileType = wrapper.application; includeInIndex = 0; path = FakeStore.app; sourceTree = BUILT_PRODUCTS_DIR; };
		92AC28BB2BE3CDA100CC2712 /* AppDelegate.swift */ = {isa = PBXFileReference; lastKnownFileType = sourcecode.swift; path = AppDelegate.swift; sourceTree = "<group>"; };
		92AC28BD2BE3CDA100CC2712 /* SceneDelegate.swift */ = {isa = PBXFileReference; lastKnownFileType = sourcecode.swift; path = SceneDelegate.swift; sourceTree = "<group>"; };
		92AC28BF2BE3CDA100CC2712 /* FeedViewController.swift */ = {isa = PBXFileReference; lastKnownFileType = sourcecode.swift; path = FeedViewController.swift; sourceTree = "<group>"; };
		92AC28C42BE3CDA200CC2712 /* Assets.xcassets */ = {isa = PBXFileReference; lastKnownFileType = folder.assetcatalog; path = Assets.xcassets; sourceTree = "<group>"; };
		92AC28C72BE3CDA200CC2712 /* Base */ = {isa = PBXFileReference; lastKnownFileType = file.storyboard; name = Base; path = Base.lproj/LaunchScreen.storyboard; sourceTree = "<group>"; };
		92AC28C92BE3CDA200CC2712 /* Info.plist */ = {isa = PBXFileReference; lastKnownFileType = text.plist.xml; path = Info.plist; sourceTree = "<group>"; };
		92AC28D12BE3CFA200CC2712 /* FeedViewModel.swift */ = {isa = PBXFileReference; lastKnownFileType = sourcecode.swift; path = FeedViewModel.swift; sourceTree = "<group>"; };
		92AC28D32BE3CFE000CC2712 /* Bindable.swift */ = {isa = PBXFileReference; lastKnownFileType = sourcecode.swift; path = Bindable.swift; sourceTree = "<group>"; };
		92AC28D52BE3D4B500CC2712 /* Service.swift */ = {isa = PBXFileReference; lastKnownFileType = sourcecode.swift; path = Service.swift; sourceTree = "<group>"; };
		92AC28D72BE3D63700CC2712 /* ProductResponse.swift */ = {isa = PBXFileReference; lastKnownFileType = sourcecode.swift; path = ProductResponse.swift; sourceTree = "<group>"; };
		92AC28D92BE3D65300CC2712 /* ProductFeed.swift */ = {isa = PBXFileReference; lastKnownFileType = sourcecode.swift; path = ProductFeed.swift; sourceTree = "<group>"; };
		92AC28E22BE3E22000CC2712 /* FeedView.swift */ = {isa = PBXFileReference; lastKnownFileType = sourcecode.swift; path = FeedView.swift; sourceTree = "<group>"; };
		92F201D52BE3E6840016AA63 /* FeedCell.swift */ = {isa = PBXFileReference; lastKnownFileType = sourcecode.swift; path = FeedCell.swift; sourceTree = "<group>"; };
		B2E7F91A86F55458B395D05A /* Pods-FakeStore.debug.xcconfig */ = {isa = PBXFileReference; includeInIndex = 1; lastKnownFileType = text.xcconfig; name = "Pods-FakeStore.debug.xcconfig"; path = "Target Support Files/Pods-FakeStore/Pods-FakeStore.debug.xcconfig"; sourceTree = "<group>"; };
/* End PBXFileReference section */

/* Begin PBXFrameworksBuildPhase section */
		92AC28B52BE3CDA100CC2712 /* Frameworks */ = {
			isa = PBXFrameworksBuildPhase;
			buildActionMask = 2147483647;
			files = (
				7690AFE004E77AC980AB9C18 /* Pods_FakeStore.framework in Frameworks */,
			);
			runOnlyForDeploymentPostprocessing = 0;
		};
/* End PBXFrameworksBuildPhase section */

/* Begin PBXGroup section */
		7B6C6AAF81E4D5D2CC873466 /* Pods */ = {
			isa = PBXGroup;
			children = (
				B2E7F91A86F55458B395D05A /* Pods-FakeStore.debug.xcconfig */,
				009158EC9A6FD4C98194AD3D /* Pods-FakeStore.release.xcconfig */,
			);
			path = Pods;
			sourceTree = "<group>";
		};
		92AC28AF2BE3CDA100CC2712 = {
			isa = PBXGroup;
			children = (
				92AC28BA2BE3CDA100CC2712 /* FakeStore */,
				92AC28B92BE3CDA100CC2712 /* Products */,
				7B6C6AAF81E4D5D2CC873466 /* Pods */,
				C57B1293741A730769D30FF5 /* Frameworks */,
			);
			sourceTree = "<group>";
		};
		92AC28B92BE3CDA100CC2712 /* Products */ = {
			isa = PBXGroup;
			children = (
				92AC28B82BE3CDA100CC2712 /* FakeStore.app */,
			);
			name = Products;
			sourceTree = "<group>";
		};
		92AC28BA2BE3CDA100CC2712 /* FakeStore */ = {
			isa = PBXGroup;
			children = (
				92AC28CF2BE3CE6400CC2712 /* App */,
				92AC28D02BE3CE6B00CC2712 /* Resources */,
			);
			path = FakeStore;
			sourceTree = "<group>";
		};
		92AC28CF2BE3CE6400CC2712 /* App */ = {
			isa = PBXGroup;
			children = (
				92AC28DE2BE3E1B000CC2712 /* Model */,
				92AC28DD2BE3E1AB00CC2712 /* Network */,
				92AC28DC2BE3E1A300CC2712 /* Screens */,
				92AC28DB2BE3E19A00CC2712 /* Utils */,
			);
			path = App;
			sourceTree = "<group>";
		};
		92AC28D02BE3CE6B00CC2712 /* Resources */ = {
			isa = PBXGroup;
			children = (
				92AC28BB2BE3CDA100CC2712 /* AppDelegate.swift */,
				92AC28BD2BE3CDA100CC2712 /* SceneDelegate.swift */,
				92AC28C42BE3CDA200CC2712 /* Assets.xcassets */,
				92AC28C62BE3CDA200CC2712 /* LaunchScreen.storyboard */,
				92AC28C92BE3CDA200CC2712 /* Info.plist */,
			);
			path = Resources;
			sourceTree = "<group>";
		};
		92AC28DB2BE3E19A00CC2712 /* Utils */ = {
			isa = PBXGroup;
			children = (
				92AC28D32BE3CFE000CC2712 /* Bindable.swift */,
			);
			path = Utils;
			sourceTree = "<group>";
		};
		92AC28DC2BE3E1A300CC2712 /* Screens */ = {
			isa = PBXGroup;
			children = (
				92AC28E12BE3E1E800CC2712 /* Controller */,
				92AC28E02BE3E1E800CC2712 /* View */,
				92AC28DF2BE3E1E600CC2712 /* ViewModel */,
			);
			path = Screens;
			sourceTree = "<group>";
		};
		92AC28DD2BE3E1AB00CC2712 /* Network */ = {
			isa = PBXGroup;
			children = (
				92AC28D52BE3D4B500CC2712 /* Service.swift */,
			);
			path = Network;
			sourceTree = "<group>";
		};
		92AC28DE2BE3E1B000CC2712 /* Model */ = {
			isa = PBXGroup;
			children = (
				92AC28D92BE3D65300CC2712 /* ProductFeed.swift */,
				92AC28D72BE3D63700CC2712 /* ProductResponse.swift */,
				9258385D2BE5B934005108B7 /* Section.swift */,
			);
			path = Model;
			sourceTree = "<group>";
		};
		92AC28DF2BE3E1E600CC2712 /* ViewModel */ = {
			isa = PBXGroup;
			children = (
				92AC28D12BE3CFA200CC2712 /* FeedViewModel.swift */,
			);
			path = ViewModel;
			sourceTree = "<group>";
		};
		92AC28E02BE3E1E800CC2712 /* View */ = {
			isa = PBXGroup;
			children = (
				92AC28E22BE3E22000CC2712 /* FeedView.swift */,
				92F201D52BE3E6840016AA63 /* FeedCell.swift */,
			);
			path = View;
			sourceTree = "<group>";
		};
		92AC28E12BE3E1E800CC2712 /* Controller */ = {
			isa = PBXGroup;
			children = (
				92AC28BF2BE3CDA100CC2712 /* FeedViewController.swift */,
			);
			path = Controller;
			sourceTree = "<group>";
		};
		C57B1293741A730769D30FF5 /* Frameworks */ = {
			isa = PBXGroup;
			children = (
				2C956AD41CFDFC683680A7C3 /* Pods_FakeStore.framework */,
			);
			name = Frameworks;
			sourceTree = "<group>";
		};
/* End PBXGroup section */

/* Begin PBXNativeTarget section */
		92AC28B72BE3CDA100CC2712 /* FakeStore */ = {
			isa = PBXNativeTarget;
			buildConfigurationList = 92AC28CC2BE3CDA200CC2712 /* Build configuration list for PBXNativeTarget "FakeStore" */;
			buildPhases = (
				A3057B6BCC9AF22111FD1343 /* [CP] Check Pods Manifest.lock */,
				92AC28B42BE3CDA100CC2712 /* Sources */,
				92AC28B52BE3CDA100CC2712 /* Frameworks */,
				92AC28B62BE3CDA100CC2712 /* Resources */,
				CBE4610AE43A9B3EE814111D /* [CP] Embed Pods Frameworks */,
			);
			buildRules = (
			);
			dependencies = (
			);
			name = FakeStore;
			productName = FakeStore;
			productReference = 92AC28B82BE3CDA100CC2712 /* FakeStore.app */;
			productType = "com.apple.product-type.application";
		};
/* End PBXNativeTarget section */

/* Begin PBXProject section */
		92AC28B02BE3CDA100CC2712 /* Project object */ = {
			isa = PBXProject;
			attributes = {
				BuildIndependentTargetsInParallel = 1;
				LastSwiftUpdateCheck = 1500;
				LastUpgradeCheck = 1500;
				TargetAttributes = {
					92AC28B72BE3CDA100CC2712 = {
						CreatedOnToolsVersion = 15.0.1;
					};
				};
			};
			buildConfigurationList = 92AC28B32BE3CDA100CC2712 /* Build configuration list for PBXProject "FakeStore" */;
			compatibilityVersion = "Xcode 14.0";
			developmentRegion = en;
			hasScannedForEncodings = 0;
			knownRegions = (
				en,
				Base,
			);
			mainGroup = 92AC28AF2BE3CDA100CC2712;
			productRefGroup = 92AC28B92BE3CDA100CC2712 /* Products */;
			projectDirPath = "";
			projectRoot = "";
			targets = (
				92AC28B72BE3CDA100CC2712 /* FakeStore */,
			);
		};
/* End PBXProject section */

/* Begin PBXResourcesBuildPhase section */
		92AC28B62BE3CDA100CC2712 /* Resources */ = {
			isa = PBXResourcesBuildPhase;
			buildActionMask = 2147483647;
			files = (
				92AC28C82BE3CDA200CC2712 /* LaunchScreen.storyboard in Resources */,
				92AC28C52BE3CDA200CC2712 /* Assets.xcassets in Resources */,
			);
			runOnlyForDeploymentPostprocessing = 0;
		};
/* End PBXResourcesBuildPhase section */

/* Begin PBXShellScriptBuildPhase section */
		A3057B6BCC9AF22111FD1343 /* [CP] Check Pods Manifest.lock */ = {
			isa = PBXShellScriptBuildPhase;
			buildActionMask = 2147483647;
			files = (
			);
			inputFileListPaths = (
			);
			inputPaths = (
				"${PODS_PODFILE_DIR_PATH}/Podfile.lock",
				"${PODS_ROOT}/Manifest.lock",
			);
			name = "[CP] Check Pods Manifest.lock";
			outputFileListPaths = (
			);
			outputPaths = (
				"$(DERIVED_FILE_DIR)/Pods-FakeStore-checkManifestLockResult.txt",
			);
			runOnlyForDeploymentPostprocessing = 0;
			shellPath = /bin/sh;
			shellScript = "diff \"${PODS_PODFILE_DIR_PATH}/Podfile.lock\" \"${PODS_ROOT}/Manifest.lock\" > /dev/null\nif [ $? != 0 ] ; then\n    # print error to STDERR\n    echo \"error: The sandbox is not in sync with the Podfile.lock. Run 'pod install' or update your CocoaPods installation.\" >&2\n    exit 1\nfi\n# This output is used by Xcode 'outputs' to avoid re-running this script phase.\necho \"SUCCESS\" > \"${SCRIPT_OUTPUT_FILE_0}\"\n";
			showEnvVarsInLog = 0;
		};
		CBE4610AE43A9B3EE814111D /* [CP] Embed Pods Frameworks */ = {
			isa = PBXShellScriptBuildPhase;
			buildActionMask = 2147483647;
			files = (
			);
			inputFileListPaths = (
				"${PODS_ROOT}/Target Support Files/Pods-FakeStore/Pods-FakeStore-frameworks-${CONFIGURATION}-input-files.xcfilelist",
			);
			name = "[CP] Embed Pods Frameworks";
			outputFileListPaths = (
				"${PODS_ROOT}/Target Support Files/Pods-FakeStore/Pods-FakeStore-frameworks-${CONFIGURATION}-output-files.xcfilelist",
			);
			runOnlyForDeploymentPostprocessing = 0;
			shellPath = /bin/sh;
			shellScript = "\"${PODS_ROOT}/Target Support Files/Pods-FakeStore/Pods-FakeStore-frameworks.sh\"\n";
			showEnvVarsInLog = 0;
		};
/* End PBXShellScriptBuildPhase section */

/* Begin PBXSourcesBuildPhase section */
		92AC28B42BE3CDA100CC2712 /* Sources */ = {
			isa = PBXSourcesBuildPhase;
			buildActionMask = 2147483647;
			files = (
				92AC28D42BE3CFE000CC2712 /* Bindable.swift in Sources */,
				92F201D62BE3E6840016AA63 /* FeedCell.swift in Sources */,
				92AC28E32BE3E22000CC2712 /* FeedView.swift in Sources */,
				92AC28DA2BE3D65300CC2712 /* ProductFeed.swift in Sources */,
				9258385E2BE5B934005108B7 /* Section.swift in Sources */,
				92AC28C02BE3CDA100CC2712 /* FeedViewController.swift in Sources */,
				92AC28D82BE3D63700CC2712 /* ProductResponse.swift in Sources */,
				92AC28BC2BE3CDA100CC2712 /* AppDelegate.swift in Sources */,
				92AC28D22BE3CFA200CC2712 /* FeedViewModel.swift in Sources */,
				92AC28BE2BE3CDA100CC2712 /* SceneDelegate.swift in Sources */,
				92AC28D62BE3D4B500CC2712 /* Service.swift in Sources */,
			);
			runOnlyForDeploymentPostprocessing = 0;
		};
/* End PBXSourcesBuildPhase section */

/* Begin PBXVariantGroup section */
		92AC28C62BE3CDA200CC2712 /* LaunchScreen.storyboard */ = {
			isa = PBXVariantGroup;
			children = (
				92AC28C72BE3CDA200CC2712 /* Base */,
			);
			name = LaunchScreen.storyboard;
			sourceTree = "<group>";
		};
/* End PBXVariantGroup section */

/* Begin XCBuildConfiguration section */
		92AC28CA2BE3CDA200CC2712 /* Debug */ = {
			isa = XCBuildConfiguration;
			buildSettings = {
				ALWAYS_SEARCH_USER_PATHS = NO;
				ASSETCATALOG_COMPILER_GENERATE_SWIFT_ASSET_SYMBOL_EXTENSIONS = YES;
				CLANG_ANALYZER_NONNULL = YES;
				CLANG_ANALYZER_NUMBER_OBJECT_CONVERSION = YES_AGGRESSIVE;
				CLANG_CXX_LANGUAGE_STANDARD = "gnu++20";
				CLANG_ENABLE_MODULES = YES;
				CLANG_ENABLE_OBJC_ARC = YES;
				CLANG_ENABLE_OBJC_WEAK = YES;
				CLANG_WARN_BLOCK_CAPTURE_AUTORELEASING = YES;
				CLANG_WARN_BOOL_CONVERSION = YES;
				CLANG_WARN_COMMA = YES;
				CLANG_WARN_CONSTANT_CONVERSION = YES;
				CLANG_WARN_DEPRECATED_OBJC_IMPLEMENTATIONS = YES;
				CLANG_WARN_DIRECT_OBJC_ISA_USAGE = YES_ERROR;
				CLANG_WARN_DOCUMENTATION_COMMENTS = YES;
				CLANG_WARN_EMPTY_BODY = YES;
				CLANG_WARN_ENUM_CONVERSION = YES;
				CLANG_WARN_INFINITE_RECURSION = YES;
				CLANG_WARN_INT_CONVERSION = YES;
				CLANG_WARN_NON_LITERAL_NULL_CONVERSION = YES;
				CLANG_WARN_OBJC_IMPLICIT_RETAIN_SELF = YES;
				CLANG_WARN_OBJC_LITERAL_CONVERSION = YES;
				CLANG_WARN_OBJC_ROOT_CLASS = YES_ERROR;
				CLANG_WARN_QUOTED_INCLUDE_IN_FRAMEWORK_HEADER = YES;
				CLANG_WARN_RANGE_LOOP_ANALYSIS = YES;
				CLANG_WARN_STRICT_PROTOTYPES = YES;
				CLANG_WARN_SUSPICIOUS_MOVE = YES;
				CLANG_WARN_UNGUARDED_AVAILABILITY = YES_AGGRESSIVE;
				CLANG_WARN_UNREACHABLE_CODE = YES;
				CLANG_WARN__DUPLICATE_METHOD_MATCH = YES;
				COPY_PHASE_STRIP = NO;
				DEBUG_INFORMATION_FORMAT = dwarf;
				ENABLE_STRICT_OBJC_MSGSEND = YES;
				ENABLE_TESTABILITY = YES;
				ENABLE_USER_SCRIPT_SANDBOXING = NO;
				GCC_C_LANGUAGE_STANDARD = gnu17;
				GCC_DYNAMIC_NO_PIC = NO;
				GCC_NO_COMMON_BLOCKS = YES;
				GCC_OPTIMIZATION_LEVEL = 0;
				GCC_PREPROCESSOR_DEFINITIONS = (
					"DEBUG=1",
					"$(inherited)",
				);
				GCC_WARN_64_TO_32_BIT_CONVERSION = YES;
				GCC_WARN_ABOUT_RETURN_TYPE = YES_ERROR;
				GCC_WARN_UNDECLARED_SELECTOR = YES;
				GCC_WARN_UNINITIALIZED_AUTOS = YES_AGGRESSIVE;
				GCC_WARN_UNUSED_FUNCTION = YES;
				GCC_WARN_UNUSED_VARIABLE = YES;
				IPHONEOS_DEPLOYMENT_TARGET = 17.0;
				LOCALIZATION_PREFERS_STRING_CATALOGS = YES;
				MTL_ENABLE_DEBUG_INFO = INCLUDE_SOURCE;
				MTL_FAST_MATH = YES;
				ONLY_ACTIVE_ARCH = YES;
				SDKROOT = iphoneos;
				SWIFT_ACTIVE_COMPILATION_CONDITIONS = "DEBUG $(inherited)";
				SWIFT_OPTIMIZATION_LEVEL = "-Onone";
			};
			name = Debug;
		};
		92AC28CB2BE3CDA200CC2712 /* Release */ = {
			isa = XCBuildConfiguration;
			buildSettings = {
				ALWAYS_SEARCH_USER_PATHS = NO;
				ASSETCATALOG_COMPILER_GENERATE_SWIFT_ASSET_SYMBOL_EXTENSIONS = YES;
				CLANG_ANALYZER_NONNULL = YES;
				CLANG_ANALYZER_NUMBER_OBJECT_CONVERSION = YES_AGGRESSIVE;
				CLANG_CXX_LANGUAGE_STANDARD = "gnu++20";
				CLANG_ENABLE_MODULES = YES;
				CLANG_ENABLE_OBJC_ARC = YES;
				CLANG_ENABLE_OBJC_WEAK = YES;
				CLANG_WARN_BLOCK_CAPTURE_AUTORELEASING = YES;
				CLANG_WARN_BOOL_CONVERSION = YES;
				CLANG_WARN_COMMA = YES;
				CLANG_WARN_CONSTANT_CONVERSION = YES;
				CLANG_WARN_DEPRECATED_OBJC_IMPLEMENTATIONS = YES;
				CLANG_WARN_DIRECT_OBJC_ISA_USAGE = YES_ERROR;
				CLANG_WARN_DOCUMENTATION_COMMENTS = YES;
				CLANG_WARN_EMPTY_BODY = YES;
				CLANG_WARN_ENUM_CONVERSION = YES;
				CLANG_WARN_INFINITE_RECURSION = YES;
				CLANG_WARN_INT_CONVERSION = YES;
				CLANG_WARN_NON_LITERAL_NULL_CONVERSION = YES;
				CLANG_WARN_OBJC_IMPLICIT_RETAIN_SELF = YES;
				CLANG_WARN_OBJC_LITERAL_CONVERSION = YES;
				CLANG_WARN_OBJC_ROOT_CLASS = YES_ERROR;
				CLANG_WARN_QUOTED_INCLUDE_IN_FRAMEWORK_HEADER = YES;
				CLANG_WARN_RANGE_LOOP_ANALYSIS = YES;
				CLANG_WARN_STRICT_PROTOTYPES = YES;
				CLANG_WARN_SUSPICIOUS_MOVE = YES;
				CLANG_WARN_UNGUARDED_AVAILABILITY = YES_AGGRESSIVE;
				CLANG_WARN_UNREACHABLE_CODE = YES;
				CLANG_WARN__DUPLICATE_METHOD_MATCH = YES;
				COPY_PHASE_STRIP = NO;
				DEBUG_INFORMATION_FORMAT = "dwarf-with-dsym";
				ENABLE_NS_ASSERTIONS = NO;
				ENABLE_STRICT_OBJC_MSGSEND = YES;
				ENABLE_USER_SCRIPT_SANDBOXING = NO;
				GCC_C_LANGUAGE_STANDARD = gnu17;
				GCC_NO_COMMON_BLOCKS = YES;
				GCC_WARN_64_TO_32_BIT_CONVERSION = YES;
				GCC_WARN_ABOUT_RETURN_TYPE = YES_ERROR;
				GCC_WARN_UNDECLARED_SELECTOR = YES;
				GCC_WARN_UNINITIALIZED_AUTOS = YES_AGGRESSIVE;
				GCC_WARN_UNUSED_FUNCTION = YES;
				GCC_WARN_UNUSED_VARIABLE = YES;
				IPHONEOS_DEPLOYMENT_TARGET = 17.0;
				LOCALIZATION_PREFERS_STRING_CATALOGS = YES;
				MTL_ENABLE_DEBUG_INFO = NO;
				MTL_FAST_MATH = YES;
				SDKROOT = iphoneos;
				SWIFT_COMPILATION_MODE = wholemodule;
				VALIDATE_PRODUCT = YES;
			};
			name = Release;
		};
		92AC28CD2BE3CDA200CC2712 /* Debug */ = {
			isa = XCBuildConfiguration;
			baseConfigurationReference = B2E7F91A86F55458B395D05A /* Pods-FakeStore.debug.xcconfig */;
			buildSettings = {
				ASSETCATALOG_COMPILER_APPICON_NAME = AppIcon;
				ASSETCATALOG_COMPILER_GLOBAL_ACCENT_COLOR_NAME = AccentColor;
				CODE_SIGN_STYLE = Automatic;
				CURRENT_PROJECT_VERSION = 1;
				DEVELOPMENT_TEAM = 57HYQW6DAG;
				GENERATE_INFOPLIST_FILE = YES;
				INFOPLIST_FILE = FakeStore/Resources/Info.plist;
				INFOPLIST_KEY_UIApplicationSupportsIndirectInputEvents = YES;
				INFOPLIST_KEY_UILaunchStoryboardName = LaunchScreen;
				INFOPLIST_KEY_UISupportedInterfaceOrientations = UIInterfaceOrientationPortrait;
				INFOPLIST_KEY_UISupportedInterfaceOrientations_iPad = "UIInterfaceOrientationPortrait UIInterfaceOrientationPortraitUpsideDown";
				LD_RUNPATH_SEARCH_PATHS = (
					"$(inherited)",
					"@executable_path/Frameworks",
				);
				MARKETING_VERSION = 1.0;
				PRODUCT_BUNDLE_IDENTIFIER = com.diggosilva.FakeStore;
				PRODUCT_NAME = "$(TARGET_NAME)";
				SWIFT_EMIT_LOC_STRINGS = YES;
				SWIFT_VERSION = 5.0;
				TARGETED_DEVICE_FAMILY = "1,2";
			};
			name = Debug;
		};
		92AC28CE2BE3CDA200CC2712 /* Release */ = {
			isa = XCBuildConfiguration;
			baseConfigurationReference = 009158EC9A6FD4C98194AD3D /* Pods-FakeStore.release.xcconfig */;
			buildSettings = {
				ASSETCATALOG_COMPILER_APPICON_NAME = AppIcon;
				ASSETCATALOG_COMPILER_GLOBAL_ACCENT_COLOR_NAME = AccentColor;
				CODE_SIGN_STYLE = Automatic;
				CURRENT_PROJECT_VERSION = 1;
				DEVELOPMENT_TEAM = 57HYQW6DAG;
				GENERATE_INFOPLIST_FILE = YES;
				INFOPLIST_FILE = FakeStore/Resources/Info.plist;
				INFOPLIST_KEY_UIApplicationSupportsIndirectInputEvents = YES;
				INFOPLIST_KEY_UILaunchStoryboardName = LaunchScreen;
				INFOPLIST_KEY_UISupportedInterfaceOrientations = UIInterfaceOrientationPortrait;
				INFOPLIST_KEY_UISupportedInterfaceOrientations_iPad = "UIInterfaceOrientationPortrait UIInterfaceOrientationPortraitUpsideDown";
				LD_RUNPATH_SEARCH_PATHS = (
					"$(inherited)",
					"@executable_path/Frameworks",
				);
				MARKETING_VERSION = 1.0;
				PRODUCT_BUNDLE_IDENTIFIER = com.diggosilva.FakeStore;
				PRODUCT_NAME = "$(TARGET_NAME)";
				SWIFT_EMIT_LOC_STRINGS = YES;
				SWIFT_VERSION = 5.0;
				TARGETED_DEVICE_FAMILY = "1,2";
			};
			name = Release;
		};
/* End XCBuildConfiguration section */

/* Begin XCConfigurationList section */
		92AC28B32BE3CDA100CC2712 /* Build configuration list for PBXProject "FakeStore" */ = {
			isa = XCConfigurationList;
			buildConfigurations = (
				92AC28CA2BE3CDA200CC2712 /* Debug */,
				92AC28CB2BE3CDA200CC2712 /* Release */,
			);
			defaultConfigurationIsVisible = 0;
			defaultConfigurationName = Release;
		};
		92AC28CC2BE3CDA200CC2712 /* Build configuration list for PBXNativeTarget "FakeStore" */ = {
			isa = XCConfigurationList;
			buildConfigurations = (
				92AC28CD2BE3CDA200CC2712 /* Debug */,
				92AC28CE2BE3CDA200CC2712 /* Release */,
			);
			defaultConfigurationIsVisible = 0;
			defaultConfigurationName = Release;
		};
/* End XCConfigurationList section */
	};
	rootObject = 92AC28B02BE3CDA100CC2712 /* Project object */;
}
